
Microsoft Visual Studio Solution File, Format Version 12.00
# Visual Studio Version 17
VisualStudioVersion = 17.2.32516.85
MinimumVisualStudioVersion = 10.0.40219.1
Project("{FAE04EC0-301F-11D3-BF4B-00C04F79EFBC}") = "0524_Misson_original", "0524_Misson_original\0524_Misson_original.csproj", "{B83C0009-8492-4B1F-BEF5-4E902AB007DC}"
EndProject
Global
	GlobalSection(SolutionConfigurationPlatforms) = preSolution
		Debug|Any CPU = Debug|Any CPU
		Release|Any CPU = Release|Any CPU
	EndGlobalSection
	GlobalSection(ProjectConfigurationPlatforms) = postSolution
		{B83C0009-8492-4B1F-BEF5-4E902AB007DC}.Debug|Any CPU.ActiveCfg = Debug|Any CPU
		{B83C0009-8492-4B1F-BEF5-4E902AB007DC}.Debug|Any CPU.Build.0 = Debug|Any CPU
		{B83C0009-8492-4B1F-BEF5-4E902AB007DC}.Release|Any CPU.ActiveCfg = Release|Any CPU
		{B83C0009-8492-4B1F-BEF5-4E902AB007DC}.Release|Any CPU.Build.0 = Release|Any CPU
	EndGlobalSection
	GlobalSection(SolutionProperties) = preSolution
		HideSolutionNode = FALSE
	EndGlobalSection
	GlobalSection(ExtensibilityGlobals) = postSolution
		SolutionGuid = {FB228BE5-29C7-49CF-9ED3-8780765B7105}
	EndGlobalSection
EndGlobal
